
Microsoft Visual Studio Solution File, Format Version 12.00
# Visual Studio 14
VisualStudioVersion = 14.0.25420.1
MinimumVisualStudioVersion = 10.0.40219.1
Project("{FAE04EC0-301F-11D3-BF4B-00C04F79EFBC}") = "TerrariumGame", "TerrariumGame\TerrariumGame.csproj", "{DF681808-5987-413E-819B-2201ED91F584}"
	ProjectSection(ProjectDependencies) = postProject
		{570EF974-1E62-4E46-9831-F17072D1D47E} = {570EF974-1E62-4E46-9831-F17072D1D47E}
	EndProjectSection
EndProject
Project("{2150E333-8FDC-42A3-9474-1A3956D46DE8}") = "Training projects", "Training projects", "{E4B41B36-7BDD-4057-AD9F-A4FE4FB4C0D8}"
EndProject
Project("{FAE04EC0-301F-11D3-BF4B-00C04F79EFBC}") = "AutofacTraining", "AutofacTraining\AutofacTraining.csproj", "{DC4E5669-BABB-497F-8E21-E5B1964712FE}"
EndProject
Project("{FAE04EC0-301F-11D3-BF4B-00C04F79EFBC}") = "InterfaceLibrary", "InterfaceLibrary\InterfaceLibrary.csproj", "{570EF974-1E62-4E46-9831-F17072D1D47E}"
EndProject
Project("{2150E333-8FDC-42A3-9474-1A3956D46DE8}") = "MessageWriters", "MessageWriters", "{FED3210C-FEAA-4C3F-9E32-07A49DB8AC7F}"
EndProject
Project("{FAE04EC0-301F-11D3-BF4B-00C04F79EFBC}") = "ConsoleMessageWriter", "ConsoleMessageWriter\ConsoleMessageWriter.csproj", "{32101FFC-08E8-4E2E-9687-1022C6B0E865}"
EndProject
Project("{FAE04EC0-301F-11D3-BF4B-00C04F79EFBC}") = "XmlMessageWriter", "XmlMessageWriter\XmlMessageWriter.csproj", "{A3F9D2FF-A9D9-45C1-82B4-1CB8A32B4170}"
EndProject
Project("{FAE04EC0-301F-11D3-BF4B-00C04F79EFBC}") = "TextFileMessageWriter", "TextFileMessageWriter\TextFileMessageWriter.csproj", "{9CC14E9C-E481-400F-9E14-E4D5A1B870D7}"
EndProject
Project("{FAE04EC0-301F-11D3-BF4B-00C04F79EFBC}") = "DataBaseMessageWriter", "DataBaseMessageWriter\DataBaseMessageWriter.csproj", "{5D061BA4-65A5-4DC9-8090-9CA4C8C6CAA4}"
EndProject
Project("{2150E333-8FDC-42A3-9474-1A3956D46DE8}") = "DataLayer", "DataLayer", "{5BCC4570-34A4-4841-AE74-3078732A923B}"
EndProject
Project("{FAE04EC0-301F-11D3-BF4B-00C04F79EFBC}") = "DataBaseInterfaces", "DataBaseInterfaces\DataBaseInterfaces.csproj", "{A3D628BE-BFF2-451E-BA4B-7C427E4E274B}"
EndProject
Project("{FAE04EC0-301F-11D3-BF4B-00C04F79EFBC}") = "DataBaseLibrary", "DataBaseLibrary\DataBaseLibrary.csproj", "{654C8275-A024-44C4-9329-6F92361606DA}"
EndProject
Project("{2150E333-8FDC-42A3-9474-1A3956D46DE8}") = "UI", "UI", "{6282D2AB-726A-428F-A684-C93F99077988}"
EndProject
Project("{FAE04EC0-301F-11D3-BF4B-00C04F79EFBC}") = "ConsoleUI", "ConsoleUI\ConsoleUI.csproj", "{88F06A77-B8AC-4309-80DD-59D0EC0577F2}"
EndProject
Project("{FAE04EC0-301F-11D3-BF4B-00C04F79EFBC}") = "TerrariumGame.Tests", "TerrariumGame.Tests\TerrariumGame.Tests.csproj", "{23392F18-2109-41EF-890C-A458A79428EB}"
EndProject
Project("{2150E333-8FDC-42A3-9474-1A3956D46DE8}") = "BusinessLayer", "BusinessLayer", "{6DF4284A-0FD2-4406-971D-174DD380FCCF}"
EndProject
Project("{FAE04EC0-301F-11D3-BF4B-00C04F79EFBC}") = "BusinessInterfaces", "BusinessInterfaces\BusinessInterfaces.csproj", "{B5E86F05-08EF-4C35-BBFF-F3590C6F8B67}"
EndProject
Project("{FAE04EC0-301F-11D3-BF4B-00C04F79EFBC}") = "BusinessLibrary", "BusinessLibrary\BusinessLibrary.csproj", "{8BCFCAFD-01AA-4462-BB82-0198FD6E602D}"
EndProject
Project("{2150E333-8FDC-42A3-9474-1A3956D46DE8}") = "CoreLayer", "CoreLayer", "{D2B6932F-E255-40F5-BFAA-477B0718178D}"
EndProject
Project("{2150E333-8FDC-42A3-9474-1A3956D46DE8}") = "WebApi", "WebApi", "{623E1FC8-887D-4586-BD14-96E1DFF178C3}"
EndProject
Project("{FAE04EC0-301F-11D3-BF4B-00C04F79EFBC}") = "TerrariumGame.WebApi", "TerrariumGame.WebApi\TerrariumGame.WebApi.csproj", "{7A1AB989-D4DE-4704-AA65-D44047A885C8}"
EndProject
Project("{FAE04EC0-301F-11D3-BF4B-00C04F79EFBC}") = "TerrariumGame.WebApi.Tests", "TerrariumGame.WebApi.Tests\TerrariumGame.WebApi.Tests.csproj", "{0090C6B4-E055-437D-AA26-A2A0536DD01C}"
EndProject
Project("{FAE04EC0-301F-11D3-BF4B-00C04F79EFBC}") = "TerrariumGame.GameRunner", "TerrariumGame.GameRunner\TerrariumGame.GameRunner.csproj", "{4F93A5A8-F6F2-45C7-B92C-FF1D15AF4C15}"
EndProject
Project("{FAE04EC0-301F-11D3-BF4B-00C04F79EFBC}") = "TerrariumGame.Model", "TerrariumGame.Model\TerrariumGame.Model.csproj", "{428ABC57-B1A6-425D-B869-E76C7C7E07B2}"
EndProject
Project("{FAE04EC0-301F-11D3-BF4B-00C04F79EFBC}") = "TerrariumGame.Dto", "TerrariumGame.Dto\TerrariumGame.Dto.csproj", "{5A8A8726-6865-44B3-8BA2-86C10822CFA2}"
EndProject
Project("{2150E333-8FDC-42A3-9474-1A3956D46DE8}") = "WcfLayer", "WcfLayer", "{ADCE1684-4734-47C2-B5C5-AC9F37C90513}"
EndProject
Project("{FAE04EC0-301F-11D3-BF4B-00C04F79EFBC}") = "TerrariumGame.WcfInterfaces", "TerrariumGame.WcfInterfaces\TerrariumGame.WcfInterfaces.csproj", "{874CC9B7-0F1B-4DC9-A148-CDC7C441786C}"
EndProject
Project("{FAE04EC0-301F-11D3-BF4B-00C04F79EFBC}") = "TerrariumGame.WcfServices", "TerrariumGame.WcfServices\TerrariumGame.WcfServices.csproj", "{CA1842D2-49C6-40B2-88D0-F761EFA3BBC1}"
EndProject
Project("{FAE04EC0-301F-11D3-BF4B-00C04F79EFBC}") = "TerrariumGame.WcfService.Host", "TerrariumGame.WcfService.Host\TerrariumGame.WcfService.Host.csproj", "{625DCBF8-B8B3-41D4-8146-F65156AE7558}"
EndProject
Project("{2150E333-8FDC-42A3-9474-1A3956D46DE8}") = "Clients", "Clients", "{B8358492-41A7-47CE-9330-414AAD9921CE}"
EndProject
Project("{FAE04EC0-301F-11D3-BF4B-00C04F79EFBC}") = "ClientInterfaces", "ClientInterfaces\ClientInterfaces.csproj", "{EE3366D0-104F-41DD-B360-E6E1E4EACBA1}"
EndProject
Project("{FAE04EC0-301F-11D3-BF4B-00C04F79EFBC}") = "ClientLibrary", "ClientLibrary\ClientLibrary.csproj", "{6543B604-F123-44D8-BD73-A2FA3E47C5DB}"
EndProject
Project("{FAE04EC0-301F-11D3-BF4B-00C04F79EFBC}") = "WcfServiceApp", "WcfServiceApp\WcfServiceApp.csproj", "{7697D152-B534-460F-918E-72086B88F54C}"
EndProject
Global
	GlobalSection(SolutionConfigurationPlatforms) = preSolution
		Debug|Any CPU = Debug|Any CPU
		Release|Any CPU = Release|Any CPU
	EndGlobalSection
	GlobalSection(ProjectConfigurationPlatforms) = postSolution
		{DF681808-5987-413E-819B-2201ED91F584}.Debug|Any CPU.ActiveCfg = Debug|Any CPU
		{DF681808-5987-413E-819B-2201ED91F584}.Debug|Any CPU.Build.0 = Debug|Any CPU
		{DF681808-5987-413E-819B-2201ED91F584}.Release|Any CPU.ActiveCfg = Release|Any CPU
		{DF681808-5987-413E-819B-2201ED91F584}.Release|Any CPU.Build.0 = Release|Any CPU
		{DC4E5669-BABB-497F-8E21-E5B1964712FE}.Debug|Any CPU.ActiveCfg = Debug|Any CPU
		{DC4E5669-BABB-497F-8E21-E5B1964712FE}.Debug|Any CPU.Build.0 = Debug|Any CPU
		{DC4E5669-BABB-497F-8E21-E5B1964712FE}.Release|Any CPU.ActiveCfg = Release|Any CPU
		{DC4E5669-BABB-497F-8E21-E5B1964712FE}.Release|Any CPU.Build.0 = Release|Any CPU
		{570EF974-1E62-4E46-9831-F17072D1D47E}.Debug|Any CPU.ActiveCfg = Debug|Any CPU
		{570EF974-1E62-4E46-9831-F17072D1D47E}.Debug|Any CPU.Build.0 = Debug|Any CPU
		{570EF974-1E62-4E46-9831-F17072D1D47E}.Release|Any CPU.ActiveCfg = Release|Any CPU
		{570EF974-1E62-4E46-9831-F17072D1D47E}.Release|Any CPU.Build.0 = Release|Any CPU
		{32101FFC-08E8-4E2E-9687-1022C6B0E865}.Debug|Any CPU.ActiveCfg = Debug|Any CPU
		{32101FFC-08E8-4E2E-9687-1022C6B0E865}.Debug|Any CPU.Build.0 = Debug|Any CPU
		{32101FFC-08E8-4E2E-9687-1022C6B0E865}.Release|Any CPU.ActiveCfg = Release|Any CPU
		{32101FFC-08E8-4E2E-9687-1022C6B0E865}.Release|Any CPU.Build.0 = Release|Any CPU
		{A3F9D2FF-A9D9-45C1-82B4-1CB8A32B4170}.Debug|Any CPU.ActiveCfg = Debug|Any CPU
		{A3F9D2FF-A9D9-45C1-82B4-1CB8A32B4170}.Debug|Any CPU.Build.0 = Debug|Any CPU
		{A3F9D2FF-A9D9-45C1-82B4-1CB8A32B4170}.Release|Any CPU.ActiveCfg = Release|Any CPU
		{A3F9D2FF-A9D9-45C1-82B4-1CB8A32B4170}.Release|Any CPU.Build.0 = Release|Any CPU
		{9CC14E9C-E481-400F-9E14-E4D5A1B870D7}.Debug|Any CPU.ActiveCfg = Debug|Any CPU
		{9CC14E9C-E481-400F-9E14-E4D5A1B870D7}.Debug|Any CPU.Build.0 = Debug|Any CPU
		{9CC14E9C-E481-400F-9E14-E4D5A1B870D7}.Release|Any CPU.ActiveCfg = Release|Any CPU
		{9CC14E9C-E481-400F-9E14-E4D5A1B870D7}.Release|Any CPU.Build.0 = Release|Any CPU
		{5D061BA4-65A5-4DC9-8090-9CA4C8C6CAA4}.Debug|Any CPU.ActiveCfg = Debug|Any CPU
		{5D061BA4-65A5-4DC9-8090-9CA4C8C6CAA4}.Debug|Any CPU.Build.0 = Debug|Any CPU
		{5D061BA4-65A5-4DC9-8090-9CA4C8C6CAA4}.Release|Any CPU.ActiveCfg = Release|Any CPU
		{5D061BA4-65A5-4DC9-8090-9CA4C8C6CAA4}.Release|Any CPU.Build.0 = Release|Any CPU
		{A3D628BE-BFF2-451E-BA4B-7C427E4E274B}.Debug|Any CPU.ActiveCfg = Debug|Any CPU
		{A3D628BE-BFF2-451E-BA4B-7C427E4E274B}.Debug|Any CPU.Build.0 = Debug|Any CPU
		{A3D628BE-BFF2-451E-BA4B-7C427E4E274B}.Release|Any CPU.ActiveCfg = Release|Any CPU
		{A3D628BE-BFF2-451E-BA4B-7C427E4E274B}.Release|Any CPU.Build.0 = Release|Any CPU
		{654C8275-A024-44C4-9329-6F92361606DA}.Debug|Any CPU.ActiveCfg = Debug|Any CPU
		{654C8275-A024-44C4-9329-6F92361606DA}.Debug|Any CPU.Build.0 = Debug|Any CPU
		{654C8275-A024-44C4-9329-6F92361606DA}.Release|Any CPU.ActiveCfg = Release|Any CPU
		{654C8275-A024-44C4-9329-6F92361606DA}.Release|Any CPU.Build.0 = Release|Any CPU
		{88F06A77-B8AC-4309-80DD-59D0EC0577F2}.Debug|Any CPU.ActiveCfg = Debug|Any CPU
		{88F06A77-B8AC-4309-80DD-59D0EC0577F2}.Debug|Any CPU.Build.0 = Debug|Any CPU
		{88F06A77-B8AC-4309-80DD-59D0EC0577F2}.Release|Any CPU.ActiveCfg = Release|Any CPU
		{88F06A77-B8AC-4309-80DD-59D0EC0577F2}.Release|Any CPU.Build.0 = Release|Any CPU
		{23392F18-2109-41EF-890C-A458A79428EB}.Debug|Any CPU.ActiveCfg = Debug|Any CPU
		{23392F18-2109-41EF-890C-A458A79428EB}.Debug|Any CPU.Build.0 = Debug|Any CPU
		{23392F18-2109-41EF-890C-A458A79428EB}.Release|Any CPU.ActiveCfg = Release|Any CPU
		{23392F18-2109-41EF-890C-A458A79428EB}.Release|Any CPU.Build.0 = Release|Any CPU
		{B5E86F05-08EF-4C35-BBFF-F3590C6F8B67}.Debug|Any CPU.ActiveCfg = Debug|Any CPU
		{B5E86F05-08EF-4C35-BBFF-F3590C6F8B67}.Debug|Any CPU.Build.0 = Debug|Any CPU
		{B5E86F05-08EF-4C35-BBFF-F3590C6F8B67}.Release|Any CPU.ActiveCfg = Release|Any CPU
		{B5E86F05-08EF-4C35-BBFF-F3590C6F8B67}.Release|Any CPU.Build.0 = Release|Any CPU
		{8BCFCAFD-01AA-4462-BB82-0198FD6E602D}.Debug|Any CPU.ActiveCfg = Debug|Any CPU
		{8BCFCAFD-01AA-4462-BB82-0198FD6E602D}.Debug|Any CPU.Build.0 = Debug|Any CPU
		{8BCFCAFD-01AA-4462-BB82-0198FD6E602D}.Release|Any CPU.ActiveCfg = Release|Any CPU
		{8BCFCAFD-01AA-4462-BB82-0198FD6E602D}.Release|Any CPU.Build.0 = Release|Any CPU
		{7A1AB989-D4DE-4704-AA65-D44047A885C8}.Debug|Any CPU.ActiveCfg = Debug|Any CPU
		{7A1AB989-D4DE-4704-AA65-D44047A885C8}.Debug|Any CPU.Build.0 = Debug|Any CPU
		{7A1AB989-D4DE-4704-AA65-D44047A885C8}.Release|Any CPU.ActiveCfg = Release|Any CPU
		{7A1AB989-D4DE-4704-AA65-D44047A885C8}.Release|Any CPU.Build.0 = Release|Any CPU
		{0090C6B4-E055-437D-AA26-A2A0536DD01C}.Debug|Any CPU.ActiveCfg = Debug|Any CPU
		{0090C6B4-E055-437D-AA26-A2A0536DD01C}.Debug|Any CPU.Build.0 = Debug|Any CPU
		{0090C6B4-E055-437D-AA26-A2A0536DD01C}.Release|Any CPU.ActiveCfg = Release|Any CPU
		{0090C6B4-E055-437D-AA26-A2A0536DD01C}.Release|Any CPU.Build.0 = Release|Any CPU
		{4F93A5A8-F6F2-45C7-B92C-FF1D15AF4C15}.Debug|Any CPU.ActiveCfg = Debug|Any CPU
		{4F93A5A8-F6F2-45C7-B92C-FF1D15AF4C15}.Debug|Any CPU.Build.0 = Debug|Any CPU
		{4F93A5A8-F6F2-45C7-B92C-FF1D15AF4C15}.Release|Any CPU.ActiveCfg = Release|Any CPU
		{4F93A5A8-F6F2-45C7-B92C-FF1D15AF4C15}.Release|Any CPU.Build.0 = Release|Any CPU
		{428ABC57-B1A6-425D-B869-E76C7C7E07B2}.Debug|Any CPU.ActiveCfg = Debug|Any CPU
		{428ABC57-B1A6-425D-B869-E76C7C7E07B2}.Debug|Any CPU.Build.0 = Debug|Any CPU
		{428ABC57-B1A6-425D-B869-E76C7C7E07B2}.Release|Any CPU.ActiveCfg = Release|Any CPU
		{428ABC57-B1A6-425D-B869-E76C7C7E07B2}.Release|Any CPU.Build.0 = Release|Any CPU
		{5A8A8726-6865-44B3-8BA2-86C10822CFA2}.Debug|Any CPU.ActiveCfg = Debug|Any CPU
		{5A8A8726-6865-44B3-8BA2-86C10822CFA2}.Debug|Any CPU.Build.0 = Debug|Any CPU
		{5A8A8726-6865-44B3-8BA2-86C10822CFA2}.Release|Any CPU.ActiveCfg = Release|Any CPU
		{5A8A8726-6865-44B3-8BA2-86C10822CFA2}.Release|Any CPU.Build.0 = Release|Any CPU
		{874CC9B7-0F1B-4DC9-A148-CDC7C441786C}.Debug|Any CPU.ActiveCfg = Debug|Any CPU
		{874CC9B7-0F1B-4DC9-A148-CDC7C441786C}.Debug|Any CPU.Build.0 = Debug|Any CPU
		{874CC9B7-0F1B-4DC9-A148-CDC7C441786C}.Release|Any CPU.ActiveCfg = Release|Any CPU
		{874CC9B7-0F1B-4DC9-A148-CDC7C441786C}.Release|Any CPU.Build.0 = Release|Any CPU
		{CA1842D2-49C6-40B2-88D0-F761EFA3BBC1}.Debug|Any CPU.ActiveCfg = Debug|Any CPU
		{CA1842D2-49C6-40B2-88D0-F761EFA3BBC1}.Debug|Any CPU.Build.0 = Debug|Any CPU
		{CA1842D2-49C6-40B2-88D0-F761EFA3BBC1}.Release|Any CPU.ActiveCfg = Release|Any CPU
		{CA1842D2-49C6-40B2-88D0-F761EFA3BBC1}.Release|Any CPU.Build.0 = Release|Any CPU
		{625DCBF8-B8B3-41D4-8146-F65156AE7558}.Debug|Any CPU.ActiveCfg = Debug|Any CPU
		{625DCBF8-B8B3-41D4-8146-F65156AE7558}.Debug|Any CPU.Build.0 = Debug|Any CPU
		{625DCBF8-B8B3-41D4-8146-F65156AE7558}.Release|Any CPU.ActiveCfg = Release|Any CPU
		{625DCBF8-B8B3-41D4-8146-F65156AE7558}.Release|Any CPU.Build.0 = Release|Any CPU
		{EE3366D0-104F-41DD-B360-E6E1E4EACBA1}.Debug|Any CPU.ActiveCfg = Debug|Any CPU
		{EE3366D0-104F-41DD-B360-E6E1E4EACBA1}.Debug|Any CPU.Build.0 = Debug|Any CPU
		{EE3366D0-104F-41DD-B360-E6E1E4EACBA1}.Release|Any CPU.ActiveCfg = Release|Any CPU
		{EE3366D0-104F-41DD-B360-E6E1E4EACBA1}.Release|Any CPU.Build.0 = Release|Any CPU
		{6543B604-F123-44D8-BD73-A2FA3E47C5DB}.Debug|Any CPU.ActiveCfg = Debug|Any CPU
		{6543B604-F123-44D8-BD73-A2FA3E47C5DB}.Debug|Any CPU.Build.0 = Debug|Any CPU
		{6543B604-F123-44D8-BD73-A2FA3E47C5DB}.Release|Any CPU.ActiveCfg = Release|Any CPU
		{6543B604-F123-44D8-BD73-A2FA3E47C5DB}.Release|Any CPU.Build.0 = Release|Any CPU
		{7697D152-B534-460F-918E-72086B88F54C}.Debug|Any CPU.ActiveCfg = Debug|Any CPU
		{7697D152-B534-460F-918E-72086B88F54C}.Debug|Any CPU.Build.0 = Debug|Any CPU
		{7697D152-B534-460F-918E-72086B88F54C}.Release|Any CPU.ActiveCfg = Release|Any CPU
		{7697D152-B534-460F-918E-72086B88F54C}.Release|Any CPU.Build.0 = Release|Any CPU
	EndGlobalSection
	GlobalSection(SolutionProperties) = preSolution
		HideSolutionNode = FALSE
	EndGlobalSection
	GlobalSection(NestedProjects) = preSolution
		{DF681808-5987-413E-819B-2201ED91F584} = {D2B6932F-E255-40F5-BFAA-477B0718178D}
		{DC4E5669-BABB-497F-8E21-E5B1964712FE} = {E4B41B36-7BDD-4057-AD9F-A4FE4FB4C0D8}
		{570EF974-1E62-4E46-9831-F17072D1D47E} = {D2B6932F-E255-40F5-BFAA-477B0718178D}
		{32101FFC-08E8-4E2E-9687-1022C6B0E865} = {FED3210C-FEAA-4C3F-9E32-07A49DB8AC7F}
		{A3F9D2FF-A9D9-45C1-82B4-1CB8A32B4170} = {FED3210C-FEAA-4C3F-9E32-07A49DB8AC7F}
		{9CC14E9C-E481-400F-9E14-E4D5A1B870D7} = {FED3210C-FEAA-4C3F-9E32-07A49DB8AC7F}
		{5D061BA4-65A5-4DC9-8090-9CA4C8C6CAA4} = {FED3210C-FEAA-4C3F-9E32-07A49DB8AC7F}
		{A3D628BE-BFF2-451E-BA4B-7C427E4E274B} = {5BCC4570-34A4-4841-AE74-3078732A923B}
		{654C8275-A024-44C4-9329-6F92361606DA} = {5BCC4570-34A4-4841-AE74-3078732A923B}
		{88F06A77-B8AC-4309-80DD-59D0EC0577F2} = {6282D2AB-726A-428F-A684-C93F99077988}
		{23392F18-2109-41EF-890C-A458A79428EB} = {D2B6932F-E255-40F5-BFAA-477B0718178D}
		{B5E86F05-08EF-4C35-BBFF-F3590C6F8B67} = {6DF4284A-0FD2-4406-971D-174DD380FCCF}
		{8BCFCAFD-01AA-4462-BB82-0198FD6E602D} = {6DF4284A-0FD2-4406-971D-174DD380FCCF}
		{7A1AB989-D4DE-4704-AA65-D44047A885C8} = {623E1FC8-887D-4586-BD14-96E1DFF178C3}
		{0090C6B4-E055-437D-AA26-A2A0536DD01C} = {623E1FC8-887D-4586-BD14-96E1DFF178C3}
		{428ABC57-B1A6-425D-B869-E76C7C7E07B2} = {5BCC4570-34A4-4841-AE74-3078732A923B}
		{5A8A8726-6865-44B3-8BA2-86C10822CFA2} = {6DF4284A-0FD2-4406-971D-174DD380FCCF}
		{874CC9B7-0F1B-4DC9-A148-CDC7C441786C} = {ADCE1684-4734-47C2-B5C5-AC9F37C90513}
		{CA1842D2-49C6-40B2-88D0-F761EFA3BBC1} = {ADCE1684-4734-47C2-B5C5-AC9F37C90513}
		{625DCBF8-B8B3-41D4-8146-F65156AE7558} = {ADCE1684-4734-47C2-B5C5-AC9F37C90513}
		{EE3366D0-104F-41DD-B360-E6E1E4EACBA1} = {B8358492-41A7-47CE-9330-414AAD9921CE}
		{6543B604-F123-44D8-BD73-A2FA3E47C5DB} = {B8358492-41A7-47CE-9330-414AAD9921CE}
		{7697D152-B534-460F-918E-72086B88F54C} = {ADCE1684-4734-47C2-B5C5-AC9F37C90513}
	EndGlobalSection
	GlobalSection(ExtensibilityGlobals) = postSolution
		SolutionGuid = {D860BF3A-5FA9-4E34-9AFC-DF63C5FEB384}
	EndGlobalSection
EndGlobal
