
Microsoft Visual Studio Solution File, Format Version 12.00
# Visual Studio 14
VisualStudioVersion = 14.0.25420.1
MinimumVisualStudioVersion = 10.0.40219.1
Project("{FAE04EC0-301F-11D3-BF4B-00C04F79EFBC}") = "TerrariumGame", "TerrariumGame\TerrariumGame.csproj", "{DF681808-5987-413E-819B-2201ED91F584}"
	ProjectSection(ProjectDependencies) = postProject
		{570EF974-1E62-4E46-9831-F17072D1D47E} = {570EF974-1E62-4E46-9831-F17072D1D47E}
	EndProjectSection
EndProject
Project("{2150E333-8FDC-42A3-9474-1A3956D46DE8}") = "Training projects", "Training projects", "{E4B41B36-7BDD-4057-AD9F-A4FE4FB4C0D8}"
EndProject
Project("{FAE04EC0-301F-11D3-BF4B-00C04F79EFBC}") = "AutofacTraining", "AutofacTraining\AutofacTraining.csproj", "{DC4E5669-BABB-497F-8E21-E5B1964712FE}"
EndProject
Project("{FAE04EC0-301F-11D3-BF4B-00C04F79EFBC}") = "InterfaceLibrary", "InterfaceLibrary\InterfaceLibrary.csproj", "{570EF974-1E62-4E46-9831-F17072D1D47E}"
EndProject
Project("{FAE04EC0-301F-11D3-BF4B-00C04F79EFBC}") = "GameRunner", "GameRunner\GameRunner.csproj", "{4F93A5A8-F6F2-45C7-B92C-FF1D15AF4C15}"
	ProjectSection(ProjectDependencies) = postProject
		{570EF974-1E62-4E46-9831-F17072D1D47E} = {570EF974-1E62-4E46-9831-F17072D1D47E}
	EndProjectSection
EndProject
Project("{2150E333-8FDC-42A3-9474-1A3956D46DE8}") = "MessageWriters", "MessageWriters", "{FED3210C-FEAA-4C3F-9E32-07A49DB8AC7F}"
EndProject
Project("{FAE04EC0-301F-11D3-BF4B-00C04F79EFBC}") = "ConsoleMessageWriter", "ConsoleMessageWriter\ConsoleMessageWriter.csproj", "{32101FFC-08E8-4E2E-9687-1022C6B0E865}"
EndProject
Project("{FAE04EC0-301F-11D3-BF4B-00C04F79EFBC}") = "XmlMessageWriter", "XmlMessageWriter\XmlMessageWriter.csproj", "{A3F9D2FF-A9D9-45C1-82B4-1CB8A32B4170}"
EndProject
Project("{FAE04EC0-301F-11D3-BF4B-00C04F79EFBC}") = "TextFileMessageWriter", "TextFileMessageWriter\TextFileMessageWriter.csproj", "{9CC14E9C-E481-400F-9E14-E4D5A1B870D7}"
EndProject
Project("{FAE04EC0-301F-11D3-BF4B-00C04F79EFBC}") = "Sandbox", "Sandbox\Sandbox.csproj", "{753197F1-8A91-49E7-B404-C644198CC0F5}"
EndProject
Project("{FAE04EC0-301F-11D3-BF4B-00C04F79EFBC}") = "DataBaseMessageWriter", "DataBaseMessageWriter\DataBaseMessageWriter.csproj", "{5D061BA4-65A5-4DC9-8090-9CA4C8C6CAA4}"
EndProject
Project("{2150E333-8FDC-42A3-9474-1A3956D46DE8}") = "DataBaseLayer", "DataBaseLayer", "{5BCC4570-34A4-4841-AE74-3078732A923B}"
EndProject
Project("{FAE04EC0-301F-11D3-BF4B-00C04F79EFBC}") = "DataBaseInterfaces", "DataBaseInterfaces\DataBaseInterfaces.csproj", "{A3D628BE-BFF2-451E-BA4B-7C427E4E274B}"
EndProject
Project("{FAE04EC0-301F-11D3-BF4B-00C04F79EFBC}") = "DataBaseLibrary", "DataBaseLibrary\DataBaseLibrary.csproj", "{654C8275-A024-44C4-9329-6F92361606DA}"
EndProject
Project("{2150E333-8FDC-42A3-9474-1A3956D46DE8}") = "UI", "UI", "{6282D2AB-726A-428F-A684-C93F99077988}"
EndProject
Project("{FAE04EC0-301F-11D3-BF4B-00C04F79EFBC}") = "ConsoleUI", "ConsoleUI\ConsoleUI.csproj", "{88F06A77-B8AC-4309-80DD-59D0EC0577F2}"
EndProject
Project("{FAE04EC0-301F-11D3-BF4B-00C04F79EFBC}") = "TerrariumGame.Tests", "TerrariumGame.Tests\TerrariumGame.Tests.csproj", "{23392F18-2109-41EF-890C-A458A79428EB}"
EndProject
Global
	GlobalSection(SolutionConfigurationPlatforms) = preSolution
		Debug|Any CPU = Debug|Any CPU
		Release|Any CPU = Release|Any CPU
	EndGlobalSection
	GlobalSection(ProjectConfigurationPlatforms) = postSolution
		{DF681808-5987-413E-819B-2201ED91F584}.Debug|Any CPU.ActiveCfg = Debug|Any CPU
		{DF681808-5987-413E-819B-2201ED91F584}.Debug|Any CPU.Build.0 = Debug|Any CPU
		{DF681808-5987-413E-819B-2201ED91F584}.Release|Any CPU.ActiveCfg = Release|Any CPU
		{DF681808-5987-413E-819B-2201ED91F584}.Release|Any CPU.Build.0 = Release|Any CPU
		{DC4E5669-BABB-497F-8E21-E5B1964712FE}.Debug|Any CPU.ActiveCfg = Debug|Any CPU
		{DC4E5669-BABB-497F-8E21-E5B1964712FE}.Debug|Any CPU.Build.0 = Debug|Any CPU
		{DC4E5669-BABB-497F-8E21-E5B1964712FE}.Release|Any CPU.ActiveCfg = Release|Any CPU
		{DC4E5669-BABB-497F-8E21-E5B1964712FE}.Release|Any CPU.Build.0 = Release|Any CPU
		{570EF974-1E62-4E46-9831-F17072D1D47E}.Debug|Any CPU.ActiveCfg = Debug|Any CPU
		{570EF974-1E62-4E46-9831-F17072D1D47E}.Debug|Any CPU.Build.0 = Debug|Any CPU
		{570EF974-1E62-4E46-9831-F17072D1D47E}.Release|Any CPU.ActiveCfg = Release|Any CPU
		{570EF974-1E62-4E46-9831-F17072D1D47E}.Release|Any CPU.Build.0 = Release|Any CPU
		{4F93A5A8-F6F2-45C7-B92C-FF1D15AF4C15}.Debug|Any CPU.ActiveCfg = Debug|Any CPU
		{4F93A5A8-F6F2-45C7-B92C-FF1D15AF4C15}.Debug|Any CPU.Build.0 = Debug|Any CPU
		{4F93A5A8-F6F2-45C7-B92C-FF1D15AF4C15}.Release|Any CPU.ActiveCfg = Release|Any CPU
		{4F93A5A8-F6F2-45C7-B92C-FF1D15AF4C15}.Release|Any CPU.Build.0 = Release|Any CPU
		{32101FFC-08E8-4E2E-9687-1022C6B0E865}.Debug|Any CPU.ActiveCfg = Debug|Any CPU
		{32101FFC-08E8-4E2E-9687-1022C6B0E865}.Debug|Any CPU.Build.0 = Debug|Any CPU
		{32101FFC-08E8-4E2E-9687-1022C6B0E865}.Release|Any CPU.ActiveCfg = Release|Any CPU
		{32101FFC-08E8-4E2E-9687-1022C6B0E865}.Release|Any CPU.Build.0 = Release|Any CPU
		{A3F9D2FF-A9D9-45C1-82B4-1CB8A32B4170}.Debug|Any CPU.ActiveCfg = Debug|Any CPU
		{A3F9D2FF-A9D9-45C1-82B4-1CB8A32B4170}.Debug|Any CPU.Build.0 = Debug|Any CPU
		{A3F9D2FF-A9D9-45C1-82B4-1CB8A32B4170}.Release|Any CPU.ActiveCfg = Release|Any CPU
		{A3F9D2FF-A9D9-45C1-82B4-1CB8A32B4170}.Release|Any CPU.Build.0 = Release|Any CPU
		{9CC14E9C-E481-400F-9E14-E4D5A1B870D7}.Debug|Any CPU.ActiveCfg = Debug|Any CPU
		{9CC14E9C-E481-400F-9E14-E4D5A1B870D7}.Debug|Any CPU.Build.0 = Debug|Any CPU
		{9CC14E9C-E481-400F-9E14-E4D5A1B870D7}.Release|Any CPU.ActiveCfg = Release|Any CPU
		{9CC14E9C-E481-400F-9E14-E4D5A1B870D7}.Release|Any CPU.Build.0 = Release|Any CPU
		{753197F1-8A91-49E7-B404-C644198CC0F5}.Debug|Any CPU.ActiveCfg = Debug|Any CPU
		{753197F1-8A91-49E7-B404-C644198CC0F5}.Debug|Any CPU.Build.0 = Debug|Any CPU
		{753197F1-8A91-49E7-B404-C644198CC0F5}.Release|Any CPU.ActiveCfg = Release|Any CPU
		{753197F1-8A91-49E7-B404-C644198CC0F5}.Release|Any CPU.Build.0 = Release|Any CPU
		{5D061BA4-65A5-4DC9-8090-9CA4C8C6CAA4}.Debug|Any CPU.ActiveCfg = Debug|Any CPU
		{5D061BA4-65A5-4DC9-8090-9CA4C8C6CAA4}.Debug|Any CPU.Build.0 = Debug|Any CPU
		{5D061BA4-65A5-4DC9-8090-9CA4C8C6CAA4}.Release|Any CPU.ActiveCfg = Release|Any CPU
		{5D061BA4-65A5-4DC9-8090-9CA4C8C6CAA4}.Release|Any CPU.Build.0 = Release|Any CPU
		{A3D628BE-BFF2-451E-BA4B-7C427E4E274B}.Debug|Any CPU.ActiveCfg = Debug|Any CPU
		{A3D628BE-BFF2-451E-BA4B-7C427E4E274B}.Debug|Any CPU.Build.0 = Debug|Any CPU
		{A3D628BE-BFF2-451E-BA4B-7C427E4E274B}.Release|Any CPU.ActiveCfg = Release|Any CPU
		{A3D628BE-BFF2-451E-BA4B-7C427E4E274B}.Release|Any CPU.Build.0 = Release|Any CPU
		{654C8275-A024-44C4-9329-6F92361606DA}.Debug|Any CPU.ActiveCfg = Debug|Any CPU
		{654C8275-A024-44C4-9329-6F92361606DA}.Debug|Any CPU.Build.0 = Debug|Any CPU
		{654C8275-A024-44C4-9329-6F92361606DA}.Release|Any CPU.ActiveCfg = Release|Any CPU
		{654C8275-A024-44C4-9329-6F92361606DA}.Release|Any CPU.Build.0 = Release|Any CPU
		{88F06A77-B8AC-4309-80DD-59D0EC0577F2}.Debug|Any CPU.ActiveCfg = Debug|Any CPU
		{88F06A77-B8AC-4309-80DD-59D0EC0577F2}.Debug|Any CPU.Build.0 = Debug|Any CPU
		{88F06A77-B8AC-4309-80DD-59D0EC0577F2}.Release|Any CPU.ActiveCfg = Release|Any CPU
		{88F06A77-B8AC-4309-80DD-59D0EC0577F2}.Release|Any CPU.Build.0 = Release|Any CPU
		{23392F18-2109-41EF-890C-A458A79428EB}.Debug|Any CPU.ActiveCfg = Debug|Any CPU
		{23392F18-2109-41EF-890C-A458A79428EB}.Debug|Any CPU.Build.0 = Debug|Any CPU
		{23392F18-2109-41EF-890C-A458A79428EB}.Release|Any CPU.ActiveCfg = Release|Any CPU
		{23392F18-2109-41EF-890C-A458A79428EB}.Release|Any CPU.Build.0 = Release|Any CPU
	EndGlobalSection
	GlobalSection(SolutionProperties) = preSolution
		HideSolutionNode = FALSE
	EndGlobalSection
	GlobalSection(NestedProjects) = preSolution
		{DC4E5669-BABB-497F-8E21-E5B1964712FE} = {E4B41B36-7BDD-4057-AD9F-A4FE4FB4C0D8}
		{32101FFC-08E8-4E2E-9687-1022C6B0E865} = {FED3210C-FEAA-4C3F-9E32-07A49DB8AC7F}
		{A3F9D2FF-A9D9-45C1-82B4-1CB8A32B4170} = {FED3210C-FEAA-4C3F-9E32-07A49DB8AC7F}
		{9CC14E9C-E481-400F-9E14-E4D5A1B870D7} = {FED3210C-FEAA-4C3F-9E32-07A49DB8AC7F}
		{753197F1-8A91-49E7-B404-C644198CC0F5} = {E4B41B36-7BDD-4057-AD9F-A4FE4FB4C0D8}
		{5D061BA4-65A5-4DC9-8090-9CA4C8C6CAA4} = {FED3210C-FEAA-4C3F-9E32-07A49DB8AC7F}
		{A3D628BE-BFF2-451E-BA4B-7C427E4E274B} = {5BCC4570-34A4-4841-AE74-3078732A923B}
		{654C8275-A024-44C4-9329-6F92361606DA} = {5BCC4570-34A4-4841-AE74-3078732A923B}
		{88F06A77-B8AC-4309-80DD-59D0EC0577F2} = {6282D2AB-726A-428F-A684-C93F99077988}
	EndGlobalSection
	GlobalSection(ExtensibilityGlobals) = postSolution
		SolutionGuid = {D860BF3A-5FA9-4E34-9AFC-DF63C5FEB384}
	EndGlobalSection
EndGlobal
